
Microsoft Visual Studio Solution File, Format Version 12.00
# Visual Studio Version 17
VisualStudioVersion = 17.11.35222.181
MinimumVisualStudioVersion = 10.0.40219.1
Project("{9A19103F-16F7-4668-BE54-9A1E7A4F7556}") = "Identity", "Identity.csproj", "{C496F0B8-344F-4EC0-A90B-D689EB469232}"
EndProject
Project("{9A19103F-16F7-4668-BE54-9A1E7A4F7556}") = "Transaction", "..\Transaction\Transaction.csproj", "{B91BD6F3-4F45-4415-8A38-07BA9DD08769}"
EndProject
Project("{FAE04EC0-301F-11D3-BF4B-00C04F79EFBC}") = "Payments", "..\Payments\Payments.csproj", "{92B7989E-EB95-4635-9FA1-7A174DDFBAF7}"
EndProject
Global
	GlobalSection(SolutionConfigurationPlatforms) = preSolution
		Debug|Any CPU = Debug|Any CPU
		Release|Any CPU = Release|Any CPU
	EndGlobalSection
	GlobalSection(ProjectConfigurationPlatforms) = postSolution
		{C496F0B8-344F-4EC0-A90B-D689EB469232}.Debug|Any CPU.ActiveCfg = Debug|Any CPU
		{C496F0B8-344F-4EC0-A90B-D689EB469232}.Debug|Any CPU.Build.0 = Debug|Any CPU
		{C496F0B8-344F-4EC0-A90B-D689EB469232}.Release|Any CPU.ActiveCfg = Release|Any CPU
		{C496F0B8-344F-4EC0-A90B-D689EB469232}.Release|Any CPU.Build.0 = Release|Any CPU
		{B91BD6F3-4F45-4415-8A38-07BA9DD08769}.Debug|Any CPU.ActiveCfg = Debug|Any CPU
		{B91BD6F3-4F45-4415-8A38-07BA9DD08769}.Debug|Any CPU.Build.0 = Debug|Any CPU
		{B91BD6F3-4F45-4415-8A38-07BA9DD08769}.Release|Any CPU.ActiveCfg = Release|Any CPU
		{B91BD6F3-4F45-4415-8A38-07BA9DD08769}.Release|Any CPU.Build.0 = Release|Any CPU
		{92B7989E-EB95-4635-9FA1-7A174DDFBAF7}.Debug|Any CPU.ActiveCfg = Debug|Any CPU
		{92B7989E-EB95-4635-9FA1-7A174DDFBAF7}.Debug|Any CPU.Build.0 = Debug|Any CPU
		{92B7989E-EB95-4635-9FA1-7A174DDFBAF7}.Release|Any CPU.ActiveCfg = Release|Any CPU
		{92B7989E-EB95-4635-9FA1-7A174DDFBAF7}.Release|Any CPU.Build.0 = Release|Any CPU
	EndGlobalSection
	GlobalSection(SolutionProperties) = preSolution
		HideSolutionNode = FALSE
	EndGlobalSection
	GlobalSection(ExtensibilityGlobals) = postSolution
		SolutionGuid = {A2026F76-FD1F-4592-ACA2-4E3A100944D0}
	EndGlobalSection
EndGlobal
